
Microsoft Visual Studio Solution File, Format Version 12.00
# Visual Studio Version 17
VisualStudioVersion = 17.11.35327.3
MinimumVisualStudioVersion = 10.0.40219.1
Project("{FAE04EC0-301F-11D3-BF4B-00C04F79EFBC}") = "POS_Emulator", "POS_Emulator\POS_Emulator.csproj", "{755B7225-A032-4532-8AA6-71097DCC95E6}"
EndProject
Global
	GlobalSection(SolutionConfigurationPlatforms) = preSolution
		Debug|Any CPU = Debug|Any CPU
		Release|Any CPU = Release|Any CPU
	EndGlobalSection
	GlobalSection(ProjectConfigurationPlatforms) = postSolution
		{755B7225-A032-4532-8AA6-71097DCC95E6}.Debug|Any CPU.ActiveCfg = Debug|Any CPU
		{755B7225-A032-4532-8AA6-71097DCC95E6}.Debug|Any CPU.Build.0 = Debug|Any CPU
		{755B7225-A032-4532-8AA6-71097DCC95E6}.Release|Any CPU.ActiveCfg = Release|Any CPU
		{755B7225-A032-4532-8AA6-71097DCC95E6}.Release|Any CPU.Build.0 = Release|Any CPU
	EndGlobalSection
	GlobalSection(SolutionProperties) = preSolution
		HideSolutionNode = FALSE
	EndGlobalSection
	GlobalSection(ExtensibilityGlobals) = postSolution
		SolutionGuid = {BBFDE964-8B40-41CD-8F55-7D0124D95DCC}
	EndGlobalSection
EndGlobal
